
Microsoft Visual Studio Solution File, Format Version 12.00
# Visual Studio 15
VisualStudioVersion = 15.0.28307.168
MinimumVisualStudioVersion = 10.0.40219.1
Project("{FAE04EC0-301F-11D3-BF4B-00C04F79EFBC}") = "PDF339", "PDF339.csproj", "{EE538261-BAF9-4D82-B5E5-BBE709CBA537}"
EndProject
Global
	GlobalSection(SolutionConfigurationPlatforms) = preSolution
		Debug|Any CPU = Debug|Any CPU
		Release|Any CPU = Release|Any CPU
	EndGlobalSection
	GlobalSection(ProjectConfigurationPlatforms) = postSolution
		{EE538261-BAF9-4D82-B5E5-BBE709CBA537}.Debug|Any CPU.ActiveCfg = Debug|Any CPU
		{EE538261-BAF9-4D82-B5E5-BBE709CBA537}.Debug|Any CPU.Build.0 = Debug|Any CPU
		{EE538261-BAF9-4D82-B5E5-BBE709CBA537}.Release|Any CPU.ActiveCfg = Release|Any CPU
		{EE538261-BAF9-4D82-B5E5-BBE709CBA537}.Release|Any CPU.Build.0 = Release|Any CPU
	EndGlobalSection
	GlobalSection(SolutionProperties) = preSolution
		HideSolutionNode = FALSE
	EndGlobalSection
	GlobalSection(ExtensibilityGlobals) = postSolution
		SolutionGuid = {26E1E94F-56A9-43A2-958D-6E452CAFF2A6}
	EndGlobalSection
EndGlobal
