
Microsoft Visual Studio Solution File, Format Version 12.00
# Visual Studio 15
VisualStudioVersion = 15.0.28307.168
MinimumVisualStudioVersion = 10.0.40219.1
Project("{FAE04EC0-301F-11D3-BF4B-00C04F79EFBC}") = "PDF254(ChatClient)", "PDF254(ChatClient).csproj", "{DC3F4764-C178-43E5-BDA4-C71CA270A007}"
EndProject
Global
	GlobalSection(SolutionConfigurationPlatforms) = preSolution
		Debug|Any CPU = Debug|Any CPU
		Release|Any CPU = Release|Any CPU
	EndGlobalSection
	GlobalSection(ProjectConfigurationPlatforms) = postSolution
		{DC3F4764-C178-43E5-BDA4-C71CA270A007}.Debug|Any CPU.ActiveCfg = Debug|Any CPU
		{DC3F4764-C178-43E5-BDA4-C71CA270A007}.Debug|Any CPU.Build.0 = Debug|Any CPU
		{DC3F4764-C178-43E5-BDA4-C71CA270A007}.Release|Any CPU.ActiveCfg = Release|Any CPU
		{DC3F4764-C178-43E5-BDA4-C71CA270A007}.Release|Any CPU.Build.0 = Release|Any CPU
	EndGlobalSection
	GlobalSection(SolutionProperties) = preSolution
		HideSolutionNode = FALSE
	EndGlobalSection
	GlobalSection(ExtensibilityGlobals) = postSolution
		SolutionGuid = {3D958DC0-2BA4-4A17-A83E-8A8384969BEB}
	EndGlobalSection
EndGlobal
