
Microsoft Visual Studio Solution File, Format Version 12.00
# Visual Studio 15
VisualStudioVersion = 15.0.28307.168
MinimumVisualStudioVersion = 10.0.40219.1
Project("{FAE04EC0-301F-11D3-BF4B-00C04F79EFBC}") = "PDF169", "PDF169\PDF169.csproj", "{F6AB4020-4C1B-4020-A33D-E296426DA684}"
EndProject
Global
	GlobalSection(SolutionConfigurationPlatforms) = preSolution
		Debug|Any CPU = Debug|Any CPU
		Release|Any CPU = Release|Any CPU
	EndGlobalSection
	GlobalSection(ProjectConfigurationPlatforms) = postSolution
		{F6AB4020-4C1B-4020-A33D-E296426DA684}.Debug|Any CPU.ActiveCfg = Debug|Any CPU
		{F6AB4020-4C1B-4020-A33D-E296426DA684}.Debug|Any CPU.Build.0 = Debug|Any CPU
		{F6AB4020-4C1B-4020-A33D-E296426DA684}.Release|Any CPU.ActiveCfg = Release|Any CPU
		{F6AB4020-4C1B-4020-A33D-E296426DA684}.Release|Any CPU.Build.0 = Release|Any CPU
	EndGlobalSection
	GlobalSection(SolutionProperties) = preSolution
		HideSolutionNode = FALSE
	EndGlobalSection
	GlobalSection(ExtensibilityGlobals) = postSolution
		SolutionGuid = {968BCE7F-D938-4137-A20E-05B2C57C6CE4}
	EndGlobalSection
EndGlobal
