
Microsoft Visual Studio Solution File, Format Version 12.00
# Visual Studio 15
VisualStudioVersion = 15.0.28307.168
MinimumVisualStudioVersion = 10.0.40219.1
Project("{FAE04EC0-301F-11D3-BF4B-00C04F79EFBC}") = "MainArgTest", "MainArgTest\MainArgTest.csproj", "{B7E3892F-7E14-4EE0-961C-9148BDBDEB44}"
EndProject
Global
	GlobalSection(SolutionConfigurationPlatforms) = preSolution
		Debug|Any CPU = Debug|Any CPU
		Release|Any CPU = Release|Any CPU
	EndGlobalSection
	GlobalSection(ProjectConfigurationPlatforms) = postSolution
		{B7E3892F-7E14-4EE0-961C-9148BDBDEB44}.Debug|Any CPU.ActiveCfg = Debug|Any CPU
		{B7E3892F-7E14-4EE0-961C-9148BDBDEB44}.Debug|Any CPU.Build.0 = Debug|Any CPU
		{B7E3892F-7E14-4EE0-961C-9148BDBDEB44}.Release|Any CPU.ActiveCfg = Release|Any CPU
		{B7E3892F-7E14-4EE0-961C-9148BDBDEB44}.Release|Any CPU.Build.0 = Release|Any CPU
	EndGlobalSection
	GlobalSection(SolutionProperties) = preSolution
		HideSolutionNode = FALSE
	EndGlobalSection
	GlobalSection(ExtensibilityGlobals) = postSolution
		SolutionGuid = {13608380-2B3E-4CA5-9EA3-96C9E64E29D4}
	EndGlobalSection
EndGlobal
