
Microsoft Visual Studio Solution File, Format Version 12.00
# Visual Studio 15
VisualStudioVersion = 15.0.28307.168
MinimumVisualStudioVersion = 10.0.40219.1
Project("{FAE04EC0-301F-11D3-BF4B-00C04F79EFBC}") = "PDF246(Server)", "PDF246(Server).csproj", "{7333A499-D225-48D7-962D-ABF53A7F936B}"
EndProject
Global
	GlobalSection(SolutionConfigurationPlatforms) = preSolution
		Debug|Any CPU = Debug|Any CPU
		Release|Any CPU = Release|Any CPU
	EndGlobalSection
	GlobalSection(ProjectConfigurationPlatforms) = postSolution
		{7333A499-D225-48D7-962D-ABF53A7F936B}.Debug|Any CPU.ActiveCfg = Debug|Any CPU
		{7333A499-D225-48D7-962D-ABF53A7F936B}.Debug|Any CPU.Build.0 = Debug|Any CPU
		{7333A499-D225-48D7-962D-ABF53A7F936B}.Release|Any CPU.ActiveCfg = Release|Any CPU
		{7333A499-D225-48D7-962D-ABF53A7F936B}.Release|Any CPU.Build.0 = Release|Any CPU
	EndGlobalSection
	GlobalSection(SolutionProperties) = preSolution
		HideSolutionNode = FALSE
	EndGlobalSection
	GlobalSection(ExtensibilityGlobals) = postSolution
		SolutionGuid = {ED40F77D-7220-4898-949A-D72CB9CF9189}
	EndGlobalSection
EndGlobal
