
Microsoft Visual Studio Solution File, Format Version 12.00
# Visual Studio 15
VisualStudioVersion = 15.0.28307.168
MinimumVisualStudioVersion = 10.0.40219.1
Project("{FAE04EC0-301F-11D3-BF4B-00C04F79EFBC}") = "PDF257", "PDF257.csproj", "{89C2ED0F-54C3-4EA1-A936-49DD14E8B18D}"
EndProject
Global
	GlobalSection(SolutionConfigurationPlatforms) = preSolution
		Debug|Any CPU = Debug|Any CPU
		Release|Any CPU = Release|Any CPU
	EndGlobalSection
	GlobalSection(ProjectConfigurationPlatforms) = postSolution
		{89C2ED0F-54C3-4EA1-A936-49DD14E8B18D}.Debug|Any CPU.ActiveCfg = Debug|Any CPU
		{89C2ED0F-54C3-4EA1-A936-49DD14E8B18D}.Debug|Any CPU.Build.0 = Debug|Any CPU
		{89C2ED0F-54C3-4EA1-A936-49DD14E8B18D}.Release|Any CPU.ActiveCfg = Release|Any CPU
		{89C2ED0F-54C3-4EA1-A936-49DD14E8B18D}.Release|Any CPU.Build.0 = Release|Any CPU
	EndGlobalSection
	GlobalSection(SolutionProperties) = preSolution
		HideSolutionNode = FALSE
	EndGlobalSection
	GlobalSection(ExtensibilityGlobals) = postSolution
		SolutionGuid = {B2093816-065C-4912-BBFC-3FB52BBA4AD8}
	EndGlobalSection
EndGlobal
