
Microsoft Visual Studio Solution File, Format Version 12.00
# Visual Studio 15
VisualStudioVersion = 15.0.28307.168
MinimumVisualStudioVersion = 10.0.40219.1
Project("{FAE04EC0-301F-11D3-BF4B-00C04F79EFBC}") = "ConsoleApp13", "ConsoleApp13\ConsoleApp13.csproj", "{FD077441-E4C8-40BA-AF38-887E0C40FC1F}"
EndProject
Global
	GlobalSection(SolutionConfigurationPlatforms) = preSolution
		Debug|Any CPU = Debug|Any CPU
		Release|Any CPU = Release|Any CPU
	EndGlobalSection
	GlobalSection(ProjectConfigurationPlatforms) = postSolution
		{FD077441-E4C8-40BA-AF38-887E0C40FC1F}.Debug|Any CPU.ActiveCfg = Debug|Any CPU
		{FD077441-E4C8-40BA-AF38-887E0C40FC1F}.Debug|Any CPU.Build.0 = Debug|Any CPU
		{FD077441-E4C8-40BA-AF38-887E0C40FC1F}.Release|Any CPU.ActiveCfg = Release|Any CPU
		{FD077441-E4C8-40BA-AF38-887E0C40FC1F}.Release|Any CPU.Build.0 = Release|Any CPU
	EndGlobalSection
	GlobalSection(SolutionProperties) = preSolution
		HideSolutionNode = FALSE
	EndGlobalSection
	GlobalSection(ExtensibilityGlobals) = postSolution
		SolutionGuid = {014EC8B8-2BEA-40BC-B123-99AA7FB2F195}
	EndGlobalSection
EndGlobal
