
Microsoft Visual Studio Solution File, Format Version 12.00
# Visual Studio 15
VisualStudioVersion = 15.0.28307.168
MinimumVisualStudioVersion = 10.0.40219.1
Project("{FAE04EC0-301F-11D3-BF4B-00C04F79EFBC}") = "PDF162", "PDF162\PDF162.csproj", "{F5B1D80C-F6EC-4DA6-B262-798885296C22}"
EndProject
Global
	GlobalSection(SolutionConfigurationPlatforms) = preSolution
		Debug|Any CPU = Debug|Any CPU
		Release|Any CPU = Release|Any CPU
	EndGlobalSection
	GlobalSection(ProjectConfigurationPlatforms) = postSolution
		{F5B1D80C-F6EC-4DA6-B262-798885296C22}.Debug|Any CPU.ActiveCfg = Debug|Any CPU
		{F5B1D80C-F6EC-4DA6-B262-798885296C22}.Debug|Any CPU.Build.0 = Debug|Any CPU
		{F5B1D80C-F6EC-4DA6-B262-798885296C22}.Release|Any CPU.ActiveCfg = Release|Any CPU
		{F5B1D80C-F6EC-4DA6-B262-798885296C22}.Release|Any CPU.Build.0 = Release|Any CPU
	EndGlobalSection
	GlobalSection(SolutionProperties) = preSolution
		HideSolutionNode = FALSE
	EndGlobalSection
	GlobalSection(ExtensibilityGlobals) = postSolution
		SolutionGuid = {F0A049BC-7AF2-425C-AFA5-AF2B7C6C4BB8}
	EndGlobalSection
EndGlobal
