
Microsoft Visual Studio Solution File, Format Version 12.00
# Visual Studio 15
VisualStudioVersion = 15.0.28307.168
MinimumVisualStudioVersion = 10.0.40219.1
Project("{FAE04EC0-301F-11D3-BF4B-00C04F79EFBC}") = "PDF283", "PDF283.csproj", "{75A1D990-AB24-49B7-944E-84384416CD6A}"
EndProject
Global
	GlobalSection(SolutionConfigurationPlatforms) = preSolution
		Debug|Any CPU = Debug|Any CPU
		Release|Any CPU = Release|Any CPU
	EndGlobalSection
	GlobalSection(ProjectConfigurationPlatforms) = postSolution
		{75A1D990-AB24-49B7-944E-84384416CD6A}.Debug|Any CPU.ActiveCfg = Debug|Any CPU
		{75A1D990-AB24-49B7-944E-84384416CD6A}.Debug|Any CPU.Build.0 = Debug|Any CPU
		{75A1D990-AB24-49B7-944E-84384416CD6A}.Release|Any CPU.ActiveCfg = Release|Any CPU
		{75A1D990-AB24-49B7-944E-84384416CD6A}.Release|Any CPU.Build.0 = Release|Any CPU
	EndGlobalSection
	GlobalSection(SolutionProperties) = preSolution
		HideSolutionNode = FALSE
	EndGlobalSection
	GlobalSection(ExtensibilityGlobals) = postSolution
		SolutionGuid = {8B33DD80-367B-46D6-A1D5-535AC35E280A}
	EndGlobalSection
EndGlobal
