
Microsoft Visual Studio Solution File, Format Version 12.00
# Visual Studio 15
VisualStudioVersion = 15.0.28307.168
MinimumVisualStudioVersion = 10.0.40219.1
Project("{FAE04EC0-301F-11D3-BF4B-00C04F79EFBC}") = "PDF290", "PDF290.csproj", "{D685CE78-BABF-4C65-B465-5D79248F31BE}"
EndProject
Global
	GlobalSection(SolutionConfigurationPlatforms) = preSolution
		Debug|Any CPU = Debug|Any CPU
		Release|Any CPU = Release|Any CPU
	EndGlobalSection
	GlobalSection(ProjectConfigurationPlatforms) = postSolution
		{D685CE78-BABF-4C65-B465-5D79248F31BE}.Debug|Any CPU.ActiveCfg = Debug|Any CPU
		{D685CE78-BABF-4C65-B465-5D79248F31BE}.Debug|Any CPU.Build.0 = Debug|Any CPU
		{D685CE78-BABF-4C65-B465-5D79248F31BE}.Release|Any CPU.ActiveCfg = Release|Any CPU
		{D685CE78-BABF-4C65-B465-5D79248F31BE}.Release|Any CPU.Build.0 = Release|Any CPU
	EndGlobalSection
	GlobalSection(SolutionProperties) = preSolution
		HideSolutionNode = FALSE
	EndGlobalSection
	GlobalSection(ExtensibilityGlobals) = postSolution
		SolutionGuid = {6CB08277-43A9-423E-BD99-88EA7681F41C}
	EndGlobalSection
EndGlobal
