
Microsoft Visual Studio Solution File, Format Version 12.00
# Visual Studio 15
VisualStudioVersion = 15.0.28307.168
MinimumVisualStudioVersion = 10.0.40219.1
Project("{FAE04EC0-301F-11D3-BF4B-00C04F79EFBC}") = "PDF185", "PDF185\PDF185.csproj", "{3811975F-DA71-4DEC-883F-546CE525F4F3}"
EndProject
Global
	GlobalSection(SolutionConfigurationPlatforms) = preSolution
		Debug|Any CPU = Debug|Any CPU
		Release|Any CPU = Release|Any CPU
	EndGlobalSection
	GlobalSection(ProjectConfigurationPlatforms) = postSolution
		{3811975F-DA71-4DEC-883F-546CE525F4F3}.Debug|Any CPU.ActiveCfg = Debug|Any CPU
		{3811975F-DA71-4DEC-883F-546CE525F4F3}.Debug|Any CPU.Build.0 = Debug|Any CPU
		{3811975F-DA71-4DEC-883F-546CE525F4F3}.Release|Any CPU.ActiveCfg = Release|Any CPU
		{3811975F-DA71-4DEC-883F-546CE525F4F3}.Release|Any CPU.Build.0 = Release|Any CPU
	EndGlobalSection
	GlobalSection(SolutionProperties) = preSolution
		HideSolutionNode = FALSE
	EndGlobalSection
	GlobalSection(ExtensibilityGlobals) = postSolution
		SolutionGuid = {0A294B6E-8583-4221-9444-534EC0C9B506}
	EndGlobalSection
EndGlobal
